
Microsoft Visual Studio Solution File, Format Version 12.00
# Visual Studio 15
Project("{FAE04EC0-301F-11D3-BF4B-00C04F79EFBC}") = "Assembly-CSharp", "Assembly-CSharp.csproj", "{3477E484-4C43-44E4-3925-A2A58B87AB81}"
EndProject
Project("{FAE04EC0-301F-11D3-BF4B-00C04F79EFBC}") = "Assembly-CSharp-Editor", "Assembly-CSharp-Editor.csproj", "{5BF1B93A-5DEE-F44B-6C9D-9AA6C2EF5711}"
EndProject
Global
	GlobalSection(SolutionConfigurationPlatforms) = preSolution
		Debug|Any CPU = Debug|Any CPU
		Release|Any CPU = Release|Any CPU
	EndGlobalSection
	GlobalSection(ProjectConfigurationPlatforms) = postSolution
		{3477E484-4C43-44E4-3925-A2A58B87AB81}.Debug|Any CPU.ActiveCfg = Debug|Any CPU
		{3477E484-4C43-44E4-3925-A2A58B87AB81}.Debug|Any CPU.Build.0 = Debug|Any CPU
		{3477E484-4C43-44E4-3925-A2A58B87AB81}.Release|Any CPU.ActiveCfg = Release|Any CPU
		{3477E484-4C43-44E4-3925-A2A58B87AB81}.Release|Any CPU.Build.0 = Release|Any CPU
		{5BF1B93A-5DEE-F44B-6C9D-9AA6C2EF5711}.Debug|Any CPU.ActiveCfg = Debug|Any CPU
		{5BF1B93A-5DEE-F44B-6C9D-9AA6C2EF5711}.Debug|Any CPU.Build.0 = Debug|Any CPU
		{5BF1B93A-5DEE-F44B-6C9D-9AA6C2EF5711}.Release|Any CPU.ActiveCfg = Release|Any CPU
		{5BF1B93A-5DEE-F44B-6C9D-9AA6C2EF5711}.Release|Any CPU.Build.0 = Release|Any CPU
	EndGlobalSection
	GlobalSection(SolutionProperties) = preSolution
		HideSolutionNode = FALSE
	EndGlobalSection
EndGlobal
